// !$*UTF8*$!
{
	archiveVersion = 1;
	classes = {
	};
	objectVersion = 77;
	objects = {

/* Begin PBXBuildFile section */
		8707B44C305CF0D600972AD1 /* agents.md in Resources */ = {isa = PBXBuildFile; fileRef = 8707B448305CF0D600972AD1 /* agents.md */; };
		8707B4A3305CF3D400972AD1 /* MEMORY.md in Resources */ = {isa = PBXBuildFile; fileRef = 8707B4A0305CF3D400972AD1 /* MEMORY.md */; };
		8707B4A5305CF3D400972AD1 /* TODO.md in Resources */ = {isa = PBXBuildFile; fileRef = 8707B4A2305CF3D400972AD1 /* TODO.md */; };
		E9E00001305CF3D400972AD1 /* EphemerisKit in Frameworks */ = {isa = PBXBuildFile; productRef = E9E00002305CF3D400972AD1 /* EphemerisKit */; };
/* End PBXBuildFile section */

/* Begin PBXContainerItemProxy section */
		8707B428305BF6A600972AD1 /* PBXContainerItemProxy */ = {
			isa = PBXContainerItemProxy;
			containerPortal = 8707B412305BF6A500972AD1 /* Project object */;
			proxyType = 1;
			remoteGlobalIDString = 8707B419305BF6A500972AD1;
			remoteInfo = "rudrasoul-jyotish";
		};
		8707B432305BF6A600972AD1 /* PBXContainerItemProxy */ = {
			isa = PBXContainerItemProxy;
			containerPortal = 8707B412305BF6A500972AD1 /* Project object */;
			proxyType = 1;
			remoteGlobalIDString = 8707B419305BF6A500972AD1;
			remoteInfo = "rudrasoul-jyotish";
		};
/* End PBXContainerItemProxy section */

/* Begin PBXFileReference section */
		8707B41A305BF6A500972AD1 /* rudrasoul-jyotish.app */ = {isa = PBXFileReference; explicitFileType = wrapper.application; includeInIndex = 0; path = "rudrasoul-jyotish.app"; sourceTree = BUILT_PRODUCTS_DIR; };
		8707B427305BF6A600972AD1 /* rudrasoul-jyotishTests.xctest */ = {isa = PBXFileReference; explicitFileType = wrapper.cfbundle; includeInIndex = 0; path = "rudrasoul-jyotishTests.xctest"; sourceTree = BUILT_PRODUCTS_DIR; };
		8707B431305BF6A600972AD1 /* rudrasoul-jyotishUITests.xctest */ = {isa = PBXFileReference; explicitFileType = wrapper.cfbundle; includeInIndex = 0; path = "rudrasoul-jyotishUITests.xctest"; sourceTree = BUILT_PRODUCTS_DIR; };
		8707B448305CF0D600972AD1 /* agents.md */ = {isa = PBXFileReference; lastKnownFileType = net.daringfireball.markdown; path = agents.md; sourceTree = "<group>"; };
		8707B4A0305CF3D400972AD1 /* MEMORY.md */ = {isa = PBXFileReference; lastKnownFileType = net.daringfireball.markdown; path = MEMORY.md; sourceTree = "<group>"; };
		8707B4A2305CF3D400972AD1 /* TODO.md */ = {isa = PBXFileReference; lastKnownFileType = net.daringfireball.markdown; path = TODO.md; sourceTree = "<group>"; };
/* End PBXFileReference section */

/* Begin PBXFileSystemSynchronizedRootGroup section */
		8707B41C305BF6A500972AD1 /* rudrasoul-jyotish */ = {
			isa = PBXFileSystemSynchronizedRootGroup;
			path = "rudrasoul-jyotish";
			sourceTree = "<group>";
		};
		8707B42A305BF6A600972AD1 /* rudrasoul-jyotishTests */ = {
			isa = PBXFileSystemSynchronizedRootGroup;
			path = "rudrasoul-jyotishTests";
			sourceTree = "<group>";
		};
		8707B434305BF6A600972AD1 /* rudrasoul-jyotishUITests */ = {
			isa = PBXFileSystemSynchronizedRootGroup;
			path = "rudrasoul-jyotishUITests";
			sourceTree = "<group>";
		};
		8707B4D2305CF3F500972AD1 /* screen */ = {
			isa = PBXFileSystemSynchronizedRootGroup;
			path = screen;
			sourceTree = "<group>";
		};
/* End PBXFileSystemSynchronizedRootGroup section */

/* Begin PBXFrameworksBuildPhase section */
		8707B417305BF6A500972AD1 /* Frameworks */ = {
			isa = PBXFrameworksBuildPhase;
			buildActionMask = 2147483647;
			files = (
				E9E00001305CF3D400972AD1 /* EphemerisKit in Frameworks */,
			);
			runOnlyForDeploymentPostprocessing = 0;
		};
		8707B424305BF6A600972AD1 /* Frameworks */ = {
			isa = PBXFrameworksBuildPhase;
			buildActionMask = 2147483647;
			files = (
			);
			runOnlyForDeploymentPostprocessing = 0;
		};
		8707B42E305BF6A600972AD1 /* Frameworks */ = {
			isa = PBXFrameworksBuildPhase;
			buildActionMask = 2147483647;
			files = (
			);
			runOnlyForDeploymentPostprocessing = 0;
		};
/* End PBXFrameworksBuildPhase section */

/* Begin PBXGroup section */
		8707B411305BF6A500972AD1 = {
			isa = PBXGroup;
			children = (
				8707B41C305BF6A500972AD1 /* rudrasoul-jyotish */,
				8707B42A305BF6A600972AD1 /* rudrasoul-jyotishTests */,
				8707B434305BF6A600972AD1 /* rudrasoul-jyotishUITests */,
				8707B41B305BF6A500972AD1 /* Products */,
				8707B4A0305CF3D400972AD1 /* MEMORY.md */,
				8707B4A2305CF3D400972AD1 /* TODO.md */,
				8707B4D2305CF3F500972AD1 /* screen */,
				8707B448305CF0D600972AD1 /* agents.md */,
			);
			sourceTree = "<group>";
		};
		8707B41B305BF6A500972AD1 /* Products */ = {
			isa = PBXGroup;
			children = (
				8707B41A305BF6A500972AD1 /* rudrasoul-jyotish.app */,
				8707B427305BF6A600972AD1 /* rudrasoul-jyotishTests.xctest */,
				8707B431305BF6A600972AD1 /* rudrasoul-jyotishUITests.xctest */,
			);
			name = Products;
			sourceTree = "<group>";
		};
/* End PBXGroup section */

/* Begin PBXNativeTarget section */
		8707B419305BF6A500972AD1 /* rudrasoul-jyotish */ = {
			isa = PBXNativeTarget;
			buildConfigurationList = 8707B43B305BF6A600972AD1 /* Build configuration list for PBXNativeTarget "rudrasoul-jyotish" */;
			buildPhases = (
				8707B416305BF6A500972AD1 /* Sources */,
				8707B417305BF6A500972AD1 /* Frameworks */,
				8707B418305BF6A500972AD1 /* Resources */,
			);
			buildRules = (
			);
			dependencies = (
			);
			fileSystemSynchronizedGroups = (
				8707B41C305BF6A500972AD1 /* rudrasoul-jyotish */,
			);
			name = "rudrasoul-jyotish";
			packageProductDependencies = (
				E9E00002305CF3D400972AD1 /* EphemerisKit */,
			);
			productName = "rudrasoul-jyotish";
			productReference = 8707B41A305BF6A500972AD1 /* rudrasoul-jyotish.app */;
			productType = "com.apple.product-type.application";
		};
		8707B426305BF6A600972AD1 /* rudrasoul-jyotishTests */ = {
			isa = PBXNativeTarget;
			buildConfigurationList = 8707B43E305BF6A600972AD1 /* Build configuration list for PBXNativeTarget "rudrasoul-jyotishTests" */;
			buildPhases = (
				8707B423305BF6A600972AD1 /* Sources */,
				8707B424305BF6A600972AD1 /* Frameworks */,
				8707B425305BF6A600972AD1 /* Resources */,
			);
			buildRules = (
			);
			dependencies = (
				8707B429305BF6A600972AD1 /* PBXTargetDependency */,
			);
			fileSystemSynchronizedGroups = (
				8707B42A305BF6A600972AD1 /* rudrasoul-jyotishTests */,
			);
			name = "rudrasoul-jyotishTests";
			packageProductDependencies = (
			);
			productName = "rudrasoul-jyotishTests";
			productReference = 8707B427305BF6A600972AD1 /* rudrasoul-jyotishTests.xctest */;
			productType = "com.apple.product-type.bundle.unit-test";
		};
		8707B430305BF6A600972AD1 /* rudrasoul-jyotishUITests */ = {
			isa = PBXNativeTarget;
			buildConfigurationList = 8707B441305BF6A600972AD1 /* Build configuration list for PBXNativeTarget "rudrasoul-jyotishUITests" */;
			buildPhases = (
				8707B42D305BF6A600972AD1 /* Sources */,
				8707B42E305BF6A600972AD1 /* Frameworks */,
				8707B42F305BF6A600972AD1 /* Resources */,
			);
			buildRules = (
			);
			dependencies = (
				8707B433305BF6A600972AD1 /* PBXTargetDependency */,
			);
			fileSystemSynchronizedGroups = (
				8707B434305BF6A600972AD1 /* rudrasoul-jyotishUITests */,
			);
			name = "rudrasoul-jyotishUITests";
			packageProductDependencies = (
			);
			productName = "rudrasoul-jyotishUITests";
			productReference = 8707B431305BF6A600972AD1 /* rudrasoul-jyotishUITests.xctest */;
			productType = "com.apple.product-type.bundle.ui-testing";
		};
/* End PBXNativeTarget section */

/* Begin PBXProject section */
		8707B412305BF6A500972AD1 /* Project object */ = {
			isa = PBXProject;
			attributes = {
				BuildIndependentTargetsInParallel = 1;
				LastSwiftUpdateCheck = 2630;
				LastUpgradeCheck = 2630;
				TargetAttributes = {
					8707B419305BF6A500972AD1 = {
						CreatedOnToolsVersion = 26.3;
					};
					8707B426305BF6A600972AD1 = {
						CreatedOnToolsVersion = 26.3;
						TestTargetID = 8707B419305BF6A500972AD1;
					};
					8707B430305BF6A600972AD1 = {
						CreatedOnToolsVersion = 26.3;
						TestTargetID = 8707B419305BF6A500972AD1;
					};
				};
			};
			buildConfigurationList = 8707B415305BF6A500972AD1 /* Build configuration list for PBXProject "rudrasoul-jyotish" */;
			developmentRegion = en;
			hasScannedForEncodings = 0;
			knownRegions = (
				en,
				ne,
				Base,
			);
			mainGroup = 8707B411305BF6A500972AD1;
			minimizedProjectReferenceProxies = 1;
			packageReferences = (
				E9E00003305CF3D400972AD1 /* XCLocalSwiftPackageReference "Packages/JyotishKit" */,
			);
			preferredProjectObjectVersion = 77;
			productRefGroup = 8707B41B305BF6A500972AD1 /* Products */;
			projectDirPath = "";
			projectRoot = "";
			targets = (
				8707B419305BF6A500972AD1 /* rudrasoul-jyotish */,
				8707B426305BF6A600972AD1 /* rudrasoul-jyotishTests */,
				8707B430305BF6A600972AD1 /* rudrasoul-jyotishUITests */,
			);
		};
/* End PBXProject section */

/* Begin PBXResourcesBuildPhase section */
		8707B418305BF6A500972AD1 /* Resources */ = {
			isa = PBXResourcesBuildPhase;
			buildActionMask = 2147483647;
			files = (
				8707B44C305CF0D600972AD1 /* agents.md in Resources */,
				8707B4A3305CF3D400972AD1 /* MEMORY.md in Resources */,
				8707B4A5305CF3D400972AD1 /* TODO.md in Resources */,
			);
			runOnlyForDeploymentPostprocessing = 0;
		};
		8707B425305BF6A600972AD1 /* Resources */ = {
			isa = PBXResourcesBuildPhase;
			buildActionMask = 2147483647;
			files = (
			);
			runOnlyForDeploymentPostprocessing = 0;
		};
		8707B42F305BF6A600972AD1 /* Resources */ = {
			isa = PBXResourcesBuildPhase;
			buildActionMask = 2147483647;
			files = (
			);
			runOnlyForDeploymentPostprocessing = 0;
		};
/* End PBXResourcesBuildPhase section */

/* Begin PBXSourcesBuildPhase section */
		8707B416305BF6A500972AD1 /* Sources */ = {
			isa = PBXSourcesBuildPhase;
			buildActionMask = 2147483647;
			files = (
			);
			runOnlyForDeploymentPostprocessing = 0;
		};
		8707B423305BF6A600972AD1 /* Sources */ = {
			isa = PBXSourcesBuildPhase;
			buildActionMask = 2147483647;
			files = (
			);
			runOnlyForDeploymentPostprocessing = 0;
		};
		8707B42D305BF6A600972AD1 /* Sources */ = {
			isa = PBXSourcesBuildPhase;
			buildActionMask = 2147483647;
			files = (
			);
			runOnlyForDeploymentPostprocessing = 0;
		};
/* End PBXSourcesBuildPhase section */

/* Begin PBXTargetDependency section */
		8707B429305BF6A600972AD1 /* PBXTargetDependency */ = {
			isa = PBXTargetDependency;
			target = 8707B419305BF6A500972AD1 /* rudrasoul-jyotish */;
			targetProxy = 8707B428305BF6A600972AD1 /* PBXContainerItemProxy */;
		};
		8707B433305BF6A600972AD1 /* PBXTargetDependency */ = {
			isa = PBXTargetDependency;
			target = 8707B419305BF6A500972AD1 /* rudrasoul-jyotish */;
			targetProxy = 8707B432305BF6A600972AD1 /* PBXContainerItemProxy */;
		};
/* End PBXTargetDependency section */

/* Begin XCBuildConfiguration section */
		8707B439305BF6A600972AD1 /* Debug */ = {
			isa = XCBuildConfiguration;
			buildSettings = {
				ALWAYS_SEARCH_USER_PATHS = NO;
				ASSETCATALOG_COMPILER_GENERATE_SWIFT_ASSET_SYMBOL_EXTENSIONS = YES;
				CLANG_ANALYZER_NONNULL = YES;
				CLANG_ANALYZER_NUMBER_OBJECT_CONVERSION = YES_AGGRESSIVE;
				CLANG_CXX_LANGUAGE_STANDARD = "gnu++20";
				CLANG_ENABLE_MODULES = YES;
				CLANG_ENABLE_OBJC_ARC = YES;
				CLANG_ENABLE_OBJC_WEAK = YES;
				CLANG_WARN_BLOCK_CAPTURE_AUTORELEASING = YES;
				CLANG_WARN_BOOL_CONVERSION = YES;
				CLANG_WARN_COMMA = YES;
				CLANG_WARN_CONSTANT_CONVERSION = YES;
				CLANG_WARN_DEPRECATED_OBJC_IMPLEMENTATIONS = YES;
				CLANG_WARN_DIRECT_OBJC_ISA_USAGE = YES_ERROR;
				CLANG_WARN_DOCUMENTATION_COMMENTS = YES;
				CLANG_WARN_EMPTY_BODY = YES;
				CLANG_WARN_ENUM_CONVERSION = YES;
				CLANG_WARN_INFINITE_RECURSION = YES;
				CLANG_WARN_INT_CONVERSION = YES;
				CLANG_WARN_NON_LITERAL_NULL_CONVERSION = YES;
				CLANG_WARN_OBJC_IMPLICIT_RETAIN_SELF = YES;
				CLANG_WARN_OBJC_LITERAL_CONVERSION = YES;
				CLANG_WARN_OBJC_ROOT_CLASS = YES_ERROR;
				CLANG_WARN_QUOTED_INCLUDE_IN_FRAMEWORK_HEADER = YES;
				CLANG_WARN_RANGE_LOOP_ANALYSIS = YES;
				CLANG_WARN_STRICT_PROTOTYPES = YES;
				CLANG_WARN_SUSPICIOUS_MOVE = YES;
				CLANG_WARN_UNGUARDED_AVAILABILITY = YES_AGGRESSIVE;
				CLANG_WARN_UNREACHABLE_CODE = YES;
				CLANG_WARN__DUPLICATE_METHOD_MATCH = YES;
				COPY_PHASE_STRIP = NO;
				DEBUG_INFORMATION_FORMAT = dwarf;
				DEVELOPMENT_TEAM = 3QRB9SALNV;
				ENABLE_STRICT_OBJC_MSGSEND = YES;
				ENABLE_TESTABILITY = YES;
				ENABLE_USER_SCRIPT_SANDBOXING = YES;
				GCC_C_LANGUAGE_STANDARD = gnu17;
				GCC_DYNAMIC_NO_PIC = NO;
				GCC_NO_COMMON_BLOCKS = YES;
				GCC_OPTIMIZATION_LEVEL = 0;
				GCC_PREPROCESSOR_DEFINITIONS = (
					"DEBUG=1",
					"$(inherited)",
				);
				GCC_WARN_64_TO_32_BIT_CONVERSION = YES;
				GCC_WARN_ABOUT_RETURN_TYPE = YES_ERROR;
				GCC_WARN_UNDECLARED_SELECTOR = YES;
				GCC_WARN_UNINITIALIZED_AUTOS = YES_AGGRESSIVE;
				GCC_WARN_UNUSED_FUNCTION = YES;
				GCC_WARN_UNUSED_VARIABLE = YES;
				LOCALIZATION_PREFERS_STRING_CATALOGS = YES;
				MACOSX_DEPLOYMENT_TARGET = 14.0;
				MTL_ENABLE_DEBUG_INFO = INCLUDE_SOURCE;
				MTL_FAST_MATH = YES;
				ONLY_ACTIVE_ARCH = YES;
				SDKROOT = macosx;
				SWIFT_ACTIVE_COMPILATION_CONDITIONS = "DEBUG $(inherited)";
				SWIFT_OPTIMIZATION_LEVEL = "-Onone";
			};
			name = Debug;
		};
		8707B43A305BF6A600972AD1 /* Release */ = {
			isa = XCBuildConfiguration;
			buildSettings = {
				ALWAYS_SEARCH_USER_PATHS = NO;
				ASSETCATALOG_COMPILER_GENERATE_SWIFT_ASSET_SYMBOL_EXTENSIONS = YES;
				CLANG_ANALYZER_NONNULL = YES;
				CLANG_ANALYZER_NUMBER_OBJECT_CONVERSION = YES_AGGRESSIVE;
				CLANG_CXX_LANGUAGE_STANDARD = "gnu++20";
				CLANG_ENABLE_MODULES = YES;
				CLANG_ENABLE_OBJC_ARC = YES;
				CLANG_ENABLE_OBJC_WEAK = YES;
				CLANG_WARN_BLOCK_CAPTURE_AUTORELEASING = YES;
				CLANG_WARN_BOOL_CONVERSION = YES;
				CLANG_WARN_COMMA = YES;
				CLANG_WARN_CONSTANT_CONVERSION = YES;
				CLANG_WARN_DEPRECATED_OBJC_IMPLEMENTATIONS = YES;
				CLANG_WARN_DIRECT_OBJC_ISA_USAGE = YES_ERROR;
				CLANG_WARN_DOCUMENTATION_COMMENTS = YES;
				CLANG_WARN_EMPTY_BODY = YES;
				CLANG_WARN_ENUM_CONVERSION = YES;
				CLANG_WARN_INFINITE_RECURSION = YES;
				CLANG_WARN_INT_CONVERSION = YES;
				CLANG_WARN_NON_LITERAL_NULL_CONVERSION = YES;
				CLANG_WARN_OBJC_IMPLICIT_RETAIN_SELF = YES;
				CLANG_WARN_OBJC_LITERAL_CONVERSION = YES;
				CLANG_WARN_OBJC_ROOT_CLASS = YES_ERROR;
				CLANG_WARN_QUOTED_INCLUDE_IN_FRAMEWORK_HEADER = YES;
				CLANG_WARN_RANGE_LOOP_ANALYSIS = YES;
				CLANG_WARN_STRICT_PROTOTYPES = YES;
				CLANG_WARN_SUSPICIOUS_MOVE = YES;
				CLANG_WARN_UNGUARDED_AVAILABILITY = YES_AGGRESSIVE;
				CLANG_WARN_UNREACHABLE_CODE = YES;
				CLANG_WARN__DUPLICATE_METHOD_MATCH = YES;
				COPY_PHASE_STRIP = NO;
				DEBUG_INFORMATION_FORMAT = "dwarf-with-dsym";
				DEVELOPMENT_TEAM = 3QRB9SALNV;
				ENABLE_NS_ASSERTIONS = NO;
				ENABLE_STRICT_OBJC_MSGSEND = YES;
				ENABLE_USER_SCRIPT_SANDBOXING = YES;
				GCC_C_LANGUAGE_STANDARD = gnu17;
				GCC_NO_COMMON_BLOCKS = YES;
				GCC_WARN_64_TO_32_BIT_CONVERSION = YES;
				GCC_WARN_ABOUT_RETURN_TYPE = YES_ERROR;
				GCC_WARN_UNDECLARED_SELECTOR = YES;
				GCC_WARN_UNINITIALIZED_AUTOS = YES_AGGRESSIVE;
				GCC_WARN_UNUSED_FUNCTION = YES;
				GCC_WARN_UNUSED_VARIABLE = YES;
				LOCALIZATION_PREFERS_STRING_CATALOGS = YES;
				MACOSX_DEPLOYMENT_TARGET = 14.0;
				MTL_ENABLE_DEBUG_INFO = NO;
				MTL_FAST_MATH = YES;
				SDKROOT = macosx;
				SWIFT_COMPILATION_MODE = wholemodule;
			};
			name = Release;
		};
		8707B43C305BF6A600972AD1 /* Debug */ = {
			isa = XCBuildConfiguration;
			buildSettings = {
				ASSETCATALOG_COMPILER_APPICON_NAME = AppIcon;
				ASSETCATALOG_COMPILER_GLOBAL_ACCENT_COLOR_NAME = AccentColor;
				CODE_SIGN_STYLE = Automatic;
				COMBINE_HIDPI_IMAGES = YES;
				CURRENT_PROJECT_VERSION = 1;
				DEVELOPMENT_TEAM = 3QRB9SALNV;
				ENABLE_APP_SANDBOX = YES;
				ENABLE_HARDENED_RUNTIME = YES;
				ENABLE_PREVIEWS = YES;
				ENABLE_USER_SELECTED_FILES = readonly;
				GENERATE_INFOPLIST_FILE = YES;
				INFOPLIST_KEY_NSHumanReadableCopyright = "";
				LD_RUNPATH_SEARCH_PATHS = (
					"$(inherited)",
					"@executable_path/../Frameworks",
				);
				MARKETING_VERSION = 1.0;
				PRODUCT_BUNDLE_IDENTIFIER = "np.com.newsun.rudrasoul-jyotish";
				PRODUCT_NAME = "$(TARGET_NAME)";
				REGISTER_APP_GROUPS = YES;
				STRING_CATALOG_GENERATE_SYMBOLS = YES;
				SWIFT_APPROACHABLE_CONCURRENCY = YES;
				SWIFT_DEFAULT_ACTOR_ISOLATION = MainActor;
				SWIFT_EMIT_LOC_STRINGS = YES;
				SWIFT_STRICT_CONCURRENCY = complete;
				SWIFT_UPCOMING_FEATURE_MEMBER_IMPORT_VISIBILITY = YES;
				SWIFT_VERSION = 6.0;
			};
			name = Debug;
		};
		8707B43D305BF6A600972AD1 /* Release */ = {
			isa = XCBuildConfiguration;
			buildSettings = {
				ASSETCATALOG_COMPILER_APPICON_NAME = AppIcon;
				ASSETCATALOG_COMPILER_GLOBAL_ACCENT_COLOR_NAME = AccentColor;
				CODE_SIGN_STYLE = Automatic;
				COMBINE_HIDPI_IMAGES = YES;
				CURRENT_PROJECT_VERSION = 1;
				DEVELOPMENT_TEAM = 3QRB9SALNV;
				ENABLE_APP_SANDBOX = YES;
				ENABLE_HARDENED_RUNTIME = YES;
				ENABLE_PREVIEWS = YES;
				ENABLE_USER_SELECTED_FILES = readonly;
				GENERATE_INFOPLIST_FILE = YES;
				INFOPLIST_KEY_NSHumanReadableCopyright = "";
				LD_RUNPATH_SEARCH_PATHS = (
					"$(inherited)",
					"@executable_path/../Frameworks",
				);
				MARKETING_VERSION = 1.0;
				PRODUCT_BUNDLE_IDENTIFIER = "np.com.newsun.rudrasoul-jyotish";
				PRODUCT_NAME = "$(TARGET_NAME)";
				REGISTER_APP_GROUPS = YES;
				STRING_CATALOG_GENERATE_SYMBOLS = YES;
				SWIFT_APPROACHABLE_CONCURRENCY = YES;
				SWIFT_DEFAULT_ACTOR_ISOLATION = MainActor;
				SWIFT_EMIT_LOC_STRINGS = YES;
				SWIFT_STRICT_CONCURRENCY = complete;
				SWIFT_UPCOMING_FEATURE_MEMBER_IMPORT_VISIBILITY = YES;
				SWIFT_VERSION = 6.0;
			};
			name = Release;
		};
		8707B43F305BF6A600972AD1 /* Debug */ = {
			isa = XCBuildConfiguration;
			buildSettings = {
				BUNDLE_LOADER = "$(TEST_HOST)";
				CODE_SIGN_STYLE = Automatic;
				CURRENT_PROJECT_VERSION = 1;
				DEVELOPMENT_TEAM = 3QRB9SALNV;
				GENERATE_INFOPLIST_FILE = YES;
				MACOSX_DEPLOYMENT_TARGET = 14.0;
				MARKETING_VERSION = 1.0;
				PRODUCT_BUNDLE_IDENTIFIER = "np.com.newsun.rudrasoul-jyotishTests";
				PRODUCT_NAME = "$(TARGET_NAME)";
				STRING_CATALOG_GENERATE_SYMBOLS = NO;
				SWIFT_APPROACHABLE_CONCURRENCY = YES;
				SWIFT_EMIT_LOC_STRINGS = NO;
				SWIFT_STRICT_CONCURRENCY = complete;
				SWIFT_UPCOMING_FEATURE_MEMBER_IMPORT_VISIBILITY = YES;
				SWIFT_VERSION = 6.0;
				TEST_HOST = "$(BUILT_PRODUCTS_DIR)/rudrasoul-jyotish.app/$(BUNDLE_EXECUTABLE_FOLDER_PATH)/rudrasoul-jyotish";
			};
			name = Debug;
		};
		8707B440305BF6A600972AD1 /* Release */ = {
			isa = XCBuildConfiguration;
			buildSettings = {
				BUNDLE_LOADER = "$(TEST_HOST)";
				CODE_SIGN_STYLE = Automatic;
				CURRENT_PROJECT_VERSION = 1;
				DEVELOPMENT_TEAM = 3QRB9SALNV;
				GENERATE_INFOPLIST_FILE = YES;
				MACOSX_DEPLOYMENT_TARGET = 14.0;
				MARKETING_VERSION = 1.0;
				PRODUCT_BUNDLE_IDENTIFIER = "np.com.newsun.rudrasoul-jyotishTests";
				PRODUCT_NAME = "$(TARGET_NAME)";
				STRING_CATALOG_GENERATE_SYMBOLS = NO;
				SWIFT_APPROACHABLE_CONCURRENCY = YES;
				SWIFT_EMIT_LOC_STRINGS = NO;
				SWIFT_STRICT_CONCURRENCY = complete;
				SWIFT_UPCOMING_FEATURE_MEMBER_IMPORT_VISIBILITY = YES;
				SWIFT_VERSION = 6.0;
				TEST_HOST = "$(BUILT_PRODUCTS_DIR)/rudrasoul-jyotish.app/$(BUNDLE_EXECUTABLE_FOLDER_PATH)/rudrasoul-jyotish";
			};
			name = Release;
		};
		8707B442305BF6A600972AD1 /* Debug */ = {
			isa = XCBuildConfiguration;
			buildSettings = {
				CODE_SIGN_STYLE = Automatic;
				CURRENT_PROJECT_VERSION = 1;
				DEVELOPMENT_TEAM = 3QRB9SALNV;
				GENERATE_INFOPLIST_FILE = YES;
				MARKETING_VERSION = 1.0;
				PRODUCT_BUNDLE_IDENTIFIER = "np.com.newsun.rudrasoul-jyotishUITests";
				PRODUCT_NAME = "$(TARGET_NAME)";
				STRING_CATALOG_GENERATE_SYMBOLS = NO;
				SWIFT_APPROACHABLE_CONCURRENCY = YES;
				SWIFT_EMIT_LOC_STRINGS = NO;
				SWIFT_STRICT_CONCURRENCY = complete;
				SWIFT_UPCOMING_FEATURE_MEMBER_IMPORT_VISIBILITY = YES;
				SWIFT_VERSION = 6.0;
				TEST_TARGET_NAME = "rudrasoul-jyotish";
			};
			name = Debug;
		};
		8707B443305BF6A600972AD1 /* Release */ = {
			isa = XCBuildConfiguration;
			buildSettings = {
				CODE_SIGN_STYLE = Automatic;
				CURRENT_PROJECT_VERSION = 1;
				DEVELOPMENT_TEAM = 3QRB9SALNV;
				GENERATE_INFOPLIST_FILE = YES;
				MARKETING_VERSION = 1.0;
				PRODUCT_BUNDLE_IDENTIFIER = "np.com.newsun.rudrasoul-jyotishUITests";
				PRODUCT_NAME = "$(TARGET_NAME)";
				STRING_CATALOG_GENERATE_SYMBOLS = NO;
				SWIFT_APPROACHABLE_CONCURRENCY = YES;
				SWIFT_EMIT_LOC_STRINGS = NO;
				SWIFT_STRICT_CONCURRENCY = complete;
				SWIFT_UPCOMING_FEATURE_MEMBER_IMPORT_VISIBILITY = YES;
				SWIFT_VERSION = 6.0;
				TEST_TARGET_NAME = "rudrasoul-jyotish";
			};
			name = Release;
		};
/* End XCBuildConfiguration section */

/* Begin XCConfigurationList section */
		8707B415305BF6A500972AD1 /* Build configuration list for PBXProject "rudrasoul-jyotish" */ = {
			isa = XCConfigurationList;
			buildConfigurations = (
				8707B439305BF6A600972AD1 /* Debug */,
				8707B43A305BF6A600972AD1 /* Release */,
			);
			defaultConfigurationIsVisible = 0;
			defaultConfigurationName = Release;
		};
		8707B43B305BF6A600972AD1 /* Build configuration list for PBXNativeTarget "rudrasoul-jyotish" */ = {
			isa = XCConfigurationList;
			buildConfigurations = (
				8707B43C305BF6A600972AD1 /* Debug */,
				8707B43D305BF6A600972AD1 /* Release */,
			);
			defaultConfigurationIsVisible = 0;
			defaultConfigurationName = Release;
		};
		8707B43E305BF6A600972AD1 /* Build configuration list for PBXNativeTarget "rudrasoul-jyotishTests" */ = {
			isa = XCConfigurationList;
			buildConfigurations = (
				8707B43F305BF6A600972AD1 /* Debug */,
				8707B440305BF6A600972AD1 /* Release */,
			);
			defaultConfigurationIsVisible = 0;
			defaultConfigurationName = Release;
		};
		8707B441305BF6A600972AD1 /* Build configuration list for PBXNativeTarget "rudrasoul-jyotishUITests" */ = {
			isa = XCConfigurationList;
			buildConfigurations = (
				8707B442305BF6A600972AD1 /* Debug */,
				8707B443305BF6A600972AD1 /* Release */,
			);
			defaultConfigurationIsVisible = 0;
			defaultConfigurationName = Release;
		};
/* End XCConfigurationList section */

/* Begin XCLocalSwiftPackageReference section */
		E9E00003305CF3D400972AD1 /* XCLocalSwiftPackageReference "Packages/JyotishKit" */ = {
			isa = XCLocalSwiftPackageReference;
			relativePath = Packages/JyotishKit;
		};
/* End XCLocalSwiftPackageReference section */

/* Begin XCSwiftPackageProductDependency section */
		E9E00002305CF3D400972AD1 /* EphemerisKit */ = {
			isa = XCSwiftPackageProductDependency;
			package = E9E00003305CF3D400972AD1 /* XCLocalSwiftPackageReference "Packages/JyotishKit" */;
			productName = EphemerisKit;
		};
/* End XCSwiftPackageProductDependency section */
	};
	rootObject = 8707B412305BF6A500972AD1 /* Project object */;
}
